{
  "name": "AI-Chief-of-Staff",
  "lockfileVersion": 3,
  "requires": true,
  "packages": {
    "": {
      "dependencies": {
        "caspian-sdk": "^0.6.3"
      }
    },
    "node_modules/caspian-sdk": {
      "version": "0.6.3",
      "resolved": "https://registry.npmjs.org/caspian-sdk/-/caspian-sdk-0.6.3.tgz",
      "integrity": "sha512-Di8YFX/ctQ2p0ViITfj57R/IHMen9zREZCU2ZTjViwenUdddUquFtdkW4PVuN5WBOv39NXXZ6OlD5hQDPNp8mw==",
      "license": "MIT",
      "engines": {
        "node": ">=18"
      }
    }
  }
}
